
Microsoft Visual Studio Solution File, Format Version 12.00
# Visual Studio Version 17
VisualStudioVersion = 17.9.34723.18
MinimumVisualStudioVersion = 10.0.40219.1
Project("{9A19103F-16F7-4668-BE54-9A1E7A4F7556}") = "BlazorPizza", "BlazorPizza\BlazorPizza.csproj", "{E92B1FB7-CAA0-4E43-B2AE-ADA4ABFC0236}"
EndProject
Project("{9A19103F-16F7-4668-BE54-9A1E7A4F7556}") = "BlazorPizzaMaui", "BlazorPizzaMaui\BlazorPizzaMaui.csproj", "{03D04BD0-88AD-486D-A02F-52987CB9DCB9}"
EndProject
Global
	GlobalSection(SolutionConfigurationPlatforms) = preSolution
		Debug|Any CPU = Debug|Any CPU
		Release|Any CPU = Release|Any CPU
	EndGlobalSection
	GlobalSection(ProjectConfigurationPlatforms) = postSolution
		{E92B1FB7-CAA0-4E43-B2AE-ADA4ABFC0236}.Debug|Any CPU.ActiveCfg = Debug|Any CPU
		{E92B1FB7-CAA0-4E43-B2AE-ADA4ABFC0236}.Debug|Any CPU.Build.0 = Debug|Any CPU
		{E92B1FB7-CAA0-4E43-B2AE-ADA4ABFC0236}.Release|Any CPU.ActiveCfg = Release|Any CPU
		{E92B1FB7-CAA0-4E43-B2AE-ADA4ABFC0236}.Release|Any CPU.Build.0 = Release|Any CPU
		{03D04BD0-88AD-486D-A02F-52987CB9DCB9}.Debug|Any CPU.ActiveCfg = Debug|Any CPU
		{03D04BD0-88AD-486D-A02F-52987CB9DCB9}.Debug|Any CPU.Build.0 = Debug|Any CPU
		{03D04BD0-88AD-486D-A02F-52987CB9DCB9}.Debug|Any CPU.Deploy.0 = Debug|Any CPU
		{03D04BD0-88AD-486D-A02F-52987CB9DCB9}.Release|Any CPU.ActiveCfg = Release|Any CPU
		{03D04BD0-88AD-486D-A02F-52987CB9DCB9}.Release|Any CPU.Build.0 = Release|Any CPU
		{03D04BD0-88AD-486D-A02F-52987CB9DCB9}.Release|Any CPU.Deploy.0 = Release|Any CPU
	EndGlobalSection
	GlobalSection(SolutionProperties) = preSolution
		HideSolutionNode = FALSE
	EndGlobalSection
	GlobalSection(ExtensibilityGlobals) = postSolution
		SolutionGuid = {D54C26F1-16D2-4997-ADA9-CBFB7A27CD19}
	EndGlobalSection
EndGlobal
